{
  "version": 4,
  "terraform_version": "1.5.4",
  "serial": 7,
  "lineage": "0973ef42-9929-68aa-e0bf-b5d40da6c874",
  "outputs": {
    "mypublicIP": {
      "value": "43.205.94.108",
      "type": "string"
    }
  },
  "resources": [
    {
      "module": "module.webserver",
      "mode": "managed",
      "type": "aws_instance",
      "name": "Instance",
      "provider": "provider[\"registry.terraform.io/hashicorp/aws\"]",
      "instances": [
        {
          "schema_version": 1,
          "attributes": {
            "ami": "ami-0ded8326293d3201b",
            "arn": "arn:aws:ec2:ap-south-1:064771570967:instance/i-022a9d9f2ab4152a2",
            "associate_public_ip_address": true,
            "availability_zone": "ap-south-1a",
            "capacity_reservation_specification": [
              {
                "capacity_reservation_preference": "open",
                "capacity_reservation_target": []
              }
            ],
            "cpu_core_count": 1,
            "cpu_options": [
              {
                "amd_sev_snp": "",
                "core_count": 1,
                "threads_per_core": 1
              }
            ],
            "cpu_threads_per_core": 1,
            "credit_specification": [
              {
                "cpu_credits": "standard"
              }
            ],
            "disable_api_stop": false,
            "disable_api_termination": false,
            "ebs_block_device": [],
            "ebs_optimized": false,
            "enclave_options": [
              {
                "enabled": false
              }
            ],
            "ephemeral_block_device": [],
            "get_password_data": false,
            "hibernation": false,
            "host_id": "",
            "host_resource_group_arn": null,
            "iam_instance_profile": "",
            "id": "i-022a9d9f2ab4152a2",
            "instance_initiated_shutdown_behavior": "stop",
            "instance_lifecycle": "",
            "instance_market_options": [],
            "instance_state": "running",
            "instance_type": "t2.small",
            "ipv6_address_count": 0,
            "ipv6_addresses": [],
            "key_name": "key-tf",
            "launch_template": [],
            "maintenance_options": [
              {
                "auto_recovery": "default"
              }
            ],
            "metadata_options": [
              {
                "http_endpoint": "enabled",
                "http_put_response_hop_limit": 2,
                "http_tokens": "required",
                "instance_metadata_tags": "disabled"
              }
            ],
            "monitoring": false,
            "network_interface": [],
            "outpost_arn": "",
            "password_data": "",
            "placement_group": "",
            "placement_partition_number": 0,
            "primary_network_interface_id": "eni-07dc8fc072d339d9d",
            "private_dns": "ip-172-31-41-220.ap-south-1.compute.internal",
            "private_dns_name_options": [
              {
                "enable_resource_name_dns_a_record": false,
                "enable_resource_name_dns_aaaa_record": false,
                "hostname_type": "ip-name"
              }
            ],
            "private_ip": "172.31.41.220",
            "public_dns": "ec2-43-205-94-108.ap-south-1.compute.amazonaws.com",
            "public_ip": "43.205.94.108",
            "root_block_device": [
              {
                "delete_on_termination": true,
                "device_name": "/dev/xvda",
                "encrypted": false,
                "iops": 3000,
                "kms_key_id": "",
                "tags": {},
                "throughput": 125,
                "volume_id": "vol-02ee1b250f6910d65",
                "volume_size": 8,
                "volume_type": "gp3"
              }
            ],
            "secondary_private_ips": [],
            "security_groups": [
              "default"
            ],
            "source_dest_check": true,
            "spot_instance_request_id": "",
            "subnet_id": "subnet-01d9d9eeed9aff918",
            "tags": null,
            "tags_all": {},
            "tenancy": "default",
            "timeouts": null,
            "user_data": null,
            "user_data_base64": null,
            "user_data_replace_on_change": false,
            "volume_tags": null,
            "vpc_security_group_ids": [
              "sg-0458beca916769d16"
            ]
          },
          "sensitive_attributes": [],
          "private": "eyJlMmJmYjczMC1lY2FhLTExZTYtOGY4OC0zNDM2M2JjN2M0YzAiOnsiY3JlYXRlIjo2MDAwMDAwMDAwMDAsImRlbGV0ZSI6MTIwMDAwMDAwMDAwMCwidXBkYXRlIjo2MDAwMDAwMDAwMDB9LCJzY2hlbWFfdmVyc2lvbiI6IjEifQ==",
          "dependencies": [
            "module.webserver.aws_key_pair.key-tf"
          ]
        }
      ]
    },
    {
      "module": "module.webserver",
      "mode": "managed",
      "type": "aws_key_pair",
      "name": "key-tf",
      "provider": "provider[\"registry.terraform.io/hashicorp/aws\"]",
      "instances": [
        {
          "schema_version": 1,
          "attributes": {
            "arn": "arn:aws:ec2:ap-south-1:064771570967:key-pair/key-tf",
            "fingerprint": "d6:54:44:3c:2e:cf:28:b7:c4:6d:f8:7a:59:e8:c6:85",
            "id": "key-tf",
            "key_name": "key-tf",
            "key_name_prefix": "",
            "key_pair_id": "key-00490dd90cd107569",
            "key_type": "rsa",
            "public_key": "ssh-rsa AAAAB3NzaC1yc2EAAAADAQABAAABgQCfFCCBWbZaYBtvWtZ/vO4pCTOx2ihmTc8lPVoKcUloJVSCXIlPrZuNdDCae4YWcesy96+5BHqrzQDCA9wv6rOBeqZHoGOpRCF2nCw/dyxSp68UOhhEWoDYlJpOuwwXuV0bOoTEhBDaHSdvueeRX0fWj7XWlqVG9m477SBeMP2aJn9+HNsN2tliMGN/UpXpaDJ8nY6B62OVAMJRm4kJBpDvJQGWfKzkNYbiLUL+bM4jZQVc1+pC4TJKKNqXm/YAdMOCEgSv8HV8aOk+ZgWo0I/2iHR1y+DQIcJZN/8/kWyIv9zRzE2tQDDrEI7e+jB0V2LQRMcrktKJG/GAruGfFm8MxMKR4W0GRPe1hJLyz5gRPcEUr4oij4e2DIozl8iDX0ge6XaDQSxAo1M/6jLvB3Ax7UnSVXy7lZd+x5Eote15IobyMAiFODX0dgEDX7RT2w5sievr/rO3uqL7BGm+kFB4JU4P8f3CiU/iqSlcVZZjDZu7vXCgHypYmpFKoFJytWM= root@ip-172-31-1-122.ap-south-1.compute.internal",
            "tags": null,
            "tags_all": {}
          },
          "sensitive_attributes": [],
          "private": "eyJzY2hlbWFfdmVyc2lvbiI6IjEifQ=="
        }
      ]
    }
  ],
  "check_results": null
}
